
Microsoft Visual Studio Solution File, Format Version 11.00
# Visual Studio 2010
Project("{FAE04EC0-301F-11D3-BF4B-00C04F79EFBC}") = "LATIR2Framework", "LATIR2Framework.csproj", "{98E98ADC-D666-45AA-BC9A-B441B03D4B15}"
EndProject
Global
	GlobalSection(SolutionConfigurationPlatforms) = preSolution
		Debug|Any CPU = Debug|Any CPU
		Release|Any CPU = Release|Any CPU
	EndGlobalSection
	GlobalSection(ProjectConfigurationPlatforms) = postSolution
		{98E98ADC-D666-45AA-BC9A-B441B03D4B15}.Debug|Any CPU.ActiveCfg = Debug|Any CPU
		{98E98ADC-D666-45AA-BC9A-B441B03D4B15}.Debug|Any CPU.Build.0 = Debug|Any CPU
		{98E98ADC-D666-45AA-BC9A-B441B03D4B15}.Release|Any CPU.ActiveCfg = Release|Any CPU
		{98E98ADC-D666-45AA-BC9A-B441B03D4B15}.Release|Any CPU.Build.0 = Release|Any CPU
	EndGlobalSection
	GlobalSection(SolutionProperties) = preSolution
		HideSolutionNode = FALSE
	EndGlobalSection
EndGlobal
